
Microsoft Visual Studio Solution File, Format Version 12.00
# Visual Studio Version 17
VisualStudioVersion = 17.13.35825.156
MinimumVisualStudioVersion = 10.0.40219.1
Project("{FAE04EC0-301F-11D3-BF4B-00C04F79EFBC}") = "SkinCareGuide", "SkinCareGuide.csproj", "{5537707C-1BCD-4C4D-A267-FC33980EC3F9}"
EndProject
Project("{FAE04EC0-301F-11D3-BF4B-00C04F79EFBC}") = "SCG_Common", "SCG_Common\SCG_Common.csproj", "{390958D6-D8C0-2D00-7E0B-EC36149995F1}"
EndProject
Project("{FAE04EC0-301F-11D3-BF4B-00C04F79EFBC}") = "SCG_BusinessLogic", "SCG_BusinessLogic\SCG_BusinessLogic.csproj", "{D74D7A32-4BB6-3823-4CFA-948FD75816EF}"
EndProject
Project("{FAE04EC0-301F-11D3-BF4B-00C04F79EFBC}") = "SCG_DataLogic", "SCG_DataLogic\SCG_DataLogic.csproj", "{D077AFB1-7606-8DBE-135D-E03BB9F73594}"
EndProject
Project("{FAE04EC0-301F-11D3-BF4B-00C04F79EFBC}") = "SCG_Desktop", "SCG_Desktop\SCG_Desktop.csproj", "{AC262844-C6F5-4821-A57B-5F7D57B8D32D}"
EndProject
Project("{FAE04EC0-301F-11D3-BF4B-00C04F79EFBC}") = "SCG_API", "SCG_API\SCG_API.csproj", "{DAA39D0D-8FBF-43AF-A59E-48D3AFF91496}"
EndProject
Global
	GlobalSection(SolutionConfigurationPlatforms) = preSolution
		Debug|Any CPU = Debug|Any CPU
		Release|Any CPU = Release|Any CPU
	EndGlobalSection
	GlobalSection(ProjectConfigurationPlatforms) = postSolution
		{5537707C-1BCD-4C4D-A267-FC33980EC3F9}.Debug|Any CPU.ActiveCfg = Debug|Any CPU
		{5537707C-1BCD-4C4D-A267-FC33980EC3F9}.Debug|Any CPU.Build.0 = Debug|Any CPU
		{5537707C-1BCD-4C4D-A267-FC33980EC3F9}.Release|Any CPU.ActiveCfg = Release|Any CPU
		{5537707C-1BCD-4C4D-A267-FC33980EC3F9}.Release|Any CPU.Build.0 = Release|Any CPU
		{390958D6-D8C0-2D00-7E0B-EC36149995F1}.Debug|Any CPU.ActiveCfg = Debug|Any CPU
		{390958D6-D8C0-2D00-7E0B-EC36149995F1}.Debug|Any CPU.Build.0 = Debug|Any CPU
		{390958D6-D8C0-2D00-7E0B-EC36149995F1}.Release|Any CPU.ActiveCfg = Release|Any CPU
		{390958D6-D8C0-2D00-7E0B-EC36149995F1}.Release|Any CPU.Build.0 = Release|Any CPU
		{D74D7A32-4BB6-3823-4CFA-948FD75816EF}.Debug|Any CPU.ActiveCfg = Debug|Any CPU
		{D74D7A32-4BB6-3823-4CFA-948FD75816EF}.Debug|Any CPU.Build.0 = Debug|Any CPU
		{D74D7A32-4BB6-3823-4CFA-948FD75816EF}.Release|Any CPU.ActiveCfg = Release|Any CPU
		{D74D7A32-4BB6-3823-4CFA-948FD75816EF}.Release|Any CPU.Build.0 = Release|Any CPU
		{D077AFB1-7606-8DBE-135D-E03BB9F73594}.Debug|Any CPU.ActiveCfg = Debug|Any CPU
		{D077AFB1-7606-8DBE-135D-E03BB9F73594}.Debug|Any CPU.Build.0 = Debug|Any CPU
		{D077AFB1-7606-8DBE-135D-E03BB9F73594}.Release|Any CPU.ActiveCfg = Release|Any CPU
		{D077AFB1-7606-8DBE-135D-E03BB9F73594}.Release|Any CPU.Build.0 = Release|Any CPU
		{AC262844-C6F5-4821-A57B-5F7D57B8D32D}.Debug|Any CPU.ActiveCfg = Debug|Any CPU
		{AC262844-C6F5-4821-A57B-5F7D57B8D32D}.Debug|Any CPU.Build.0 = Debug|Any CPU
		{AC262844-C6F5-4821-A57B-5F7D57B8D32D}.Release|Any CPU.ActiveCfg = Release|Any CPU
		{AC262844-C6F5-4821-A57B-5F7D57B8D32D}.Release|Any CPU.Build.0 = Release|Any CPU
		{DAA39D0D-8FBF-43AF-A59E-48D3AFF91496}.Debug|Any CPU.ActiveCfg = Debug|Any CPU
		{DAA39D0D-8FBF-43AF-A59E-48D3AFF91496}.Debug|Any CPU.Build.0 = Debug|Any CPU
		{DAA39D0D-8FBF-43AF-A59E-48D3AFF91496}.Release|Any CPU.ActiveCfg = Release|Any CPU
		{DAA39D0D-8FBF-43AF-A59E-48D3AFF91496}.Release|Any CPU.Build.0 = Release|Any CPU
	EndGlobalSection
	GlobalSection(SolutionProperties) = preSolution
		HideSolutionNode = FALSE
	EndGlobalSection
	GlobalSection(ExtensibilityGlobals) = postSolution
		SolutionGuid = {964DEE6B-BD3E-451E-85DD-18F4782122D4}
	EndGlobalSection
EndGlobal
