
Microsoft Visual Studio Solution File, Format Version 12.00
# Visual Studio Version 17
VisualStudioVersion = 17.13.35825.156
MinimumVisualStudioVersion = 10.0.40219.1
Project("{FAE04EC0-301F-11D3-BF4B-00C04F79EFBC}") = "SkinCareGuide", "SkinCareGuide.csproj", "{5537707C-1BCD-4C4D-A267-FC33980EC3F9}"
EndProject
Project("{FAE04EC0-301F-11D3-BF4B-00C04F79EFBC}") = "SCG_BusinessLogic", "..\SCG_BusinessLogic\SCG_BusinessLogic.csproj", "{C33D8C82-1AAA-A7C6-3B0F-D7269E5D8212}"
EndProject
Project("{FAE04EC0-301F-11D3-BF4B-00C04F79EFBC}") = "SCG_DataLogic", "..\SCG_DataLogic\SCG_DataLogic.csproj", "{A1384079-7D8F-464F-D129-9FDA3088D446}"
EndProject
Global
	GlobalSection(SolutionConfigurationPlatforms) = preSolution
		Debug|Any CPU = Debug|Any CPU
		Release|Any CPU = Release|Any CPU
	EndGlobalSection
	GlobalSection(ProjectConfigurationPlatforms) = postSolution
		{5537707C-1BCD-4C4D-A267-FC33980EC3F9}.Debug|Any CPU.ActiveCfg = Debug|Any CPU
		{5537707C-1BCD-4C4D-A267-FC33980EC3F9}.Debug|Any CPU.Build.0 = Debug|Any CPU
		{5537707C-1BCD-4C4D-A267-FC33980EC3F9}.Release|Any CPU.ActiveCfg = Release|Any CPU
		{5537707C-1BCD-4C4D-A267-FC33980EC3F9}.Release|Any CPU.Build.0 = Release|Any CPU
		{C33D8C82-1AAA-A7C6-3B0F-D7269E5D8212}.Debug|Any CPU.ActiveCfg = Debug|Any CPU
		{C33D8C82-1AAA-A7C6-3B0F-D7269E5D8212}.Debug|Any CPU.Build.0 = Debug|Any CPU
		{C33D8C82-1AAA-A7C6-3B0F-D7269E5D8212}.Release|Any CPU.ActiveCfg = Release|Any CPU
		{C33D8C82-1AAA-A7C6-3B0F-D7269E5D8212}.Release|Any CPU.Build.0 = Release|Any CPU
		{A1384079-7D8F-464F-D129-9FDA3088D446}.Debug|Any CPU.ActiveCfg = Debug|Any CPU
		{A1384079-7D8F-464F-D129-9FDA3088D446}.Debug|Any CPU.Build.0 = Debug|Any CPU
		{A1384079-7D8F-464F-D129-9FDA3088D446}.Release|Any CPU.ActiveCfg = Release|Any CPU
		{A1384079-7D8F-464F-D129-9FDA3088D446}.Release|Any CPU.Build.0 = Release|Any CPU
	EndGlobalSection
	GlobalSection(SolutionProperties) = preSolution
		HideSolutionNode = FALSE
	EndGlobalSection
	GlobalSection(ExtensibilityGlobals) = postSolution
		SolutionGuid = {964DEE6B-BD3E-451E-85DD-18F4782122D4}
	EndGlobalSection
EndGlobal
